{
    "_readme": [
        "This file locks the dependencies of your project to a known state",
        "Read more about it at https://getcomposer.org/doc/01-basic-usage.md#installing-dependencies",
        "This file is @generated automatically"
    ],
    "content-hash": "0636fba0fc857d05ed165cf6693051d7",
    "packages": [
        {
            "name": "bower-asset/fullcalendar",
            "version": "v2.9.1",
            "source": {
                "type": "git",
                "url": "https://github.com/fullcalendar/fullcalendar.git",
                "reference": "07a680b2349cfa7c7f2b05c979295447f04ef426"
            },
            "dist": {
                "type": "zip",
                "url": "https://api.github.com/repos/fullcalendar/fullcalendar/zipball/07a680b2349cfa7c7f2b05c979295447f04ef426",
                "reference": "07a680b2349cfa7c7f2b05c979295447f04ef426"
            },
            "require": {
                "bower-asset/jquery": ">=1.7.1",
                "bower-asset/moment": ">=2.5.0"
            },
            "type": "bower-asset",
            "license": [
                "MIT"
            ]
        },
        {
            "name": "bower-asset/jquery",
            "version": "3.6.0",
            "source": {
                "type": "git",
                "url": "https://github.com/jquery/jquery-dist.git",
                "reference": "e786e3d9707ffd9b0dd330ca135b66344dcef85a"
            },
            "dist": {
                "type": "zip",
                "url": "https://api.github.com/repos/jquery/jquery-dist/zipball/e786e3d9707ffd9b0dd330ca135b66344dcef85a",
                "reference": "e786e3d9707ffd9b0dd330ca135b66344dcef85a"
            },
            "type": "bower-asset",
            "license": [
                "MIT"
            ]
        },
        {
            "name": "bower-asset/moment",
            "version": "2.29.1",
            "source": {
                "type": "git",
                "url": "git@github.com:moment/moment.git",
                "reference": "b7ec8e2ec068e03de4f832f28362675bb9e02261"
            },
            "dist": {
                "type": "zip",
                "url": "https://api.github.com/repos/moment/moment/zipball/b7ec8e2ec068e03de4f832f28362675bb9e02261",
                "reference": "b7ec8e2ec068e03de4f832f28362675bb9e02261"
            },
            "type": "bower-asset",
            "license": [
                "MIT"
            ]
        },
        {
            "name": "composer/installers",
            "version": "v1.11.0",
            "source": {
                "type": "git",
                "url": "https://github.com/composer/installers.git",
                "reference": "ae03311f45dfe194412081526be2e003960df74b"
            },
            "dist": {
                "type": "zip",
                "url": "https://api.github.com/repos/composer/installers/zipball/ae03311f45dfe194412081526be2e003960df74b",
                "reference": "ae03311f45dfe194412081526be2e003960df74b",
                "shasum": ""
            },
            "require": {
                "composer-plugin-api": "^1.0 || ^2.0"
            },
            "replace": {
                "roundcube/plugin-installer": "*",
                "shama/baton": "*"
            },
            "require-dev": {
                "composer/composer": "1.6.* || ^2.0",
                "composer/semver": "^1 || ^3",
                "phpstan/phpstan": "^0.12.55",
                "phpstan/phpstan-phpunit": "^0.12.16",
                "symfony/phpunit-bridge": "^4.2 || ^5",
                "symfony/process": "^2.3"
            },
            "type": "composer-plugin",
            "extra": {
                "class": "Composer\\Installers\\Plugin",
                "branch-alias": {
                    "dev-main": "1.x-dev"
                }
            },
            "autoload": {
                "psr-4": {
                    "Composer\\Installers\\": "src/Composer/Installers"
                }
            },
            "notification-url": "https://packagist.org/downloads/",
            "license": [
                "MIT"
            ],
            "authors": [
                {
                    "name": "Kyle Robinson Young",
                    "email": "kyle@dontkry.com",
                    "homepage": "https://github.com/shama"
                }
            ],
            "description": "A multi-framework Composer library installer",
            "homepage": "https://composer.github.io/installers/",
            "keywords": [
                "Craft",
                "Dolibarr",
                "Eliasis",
                "Hurad",
                "ImageCMS",
                "Kanboard",
                "Lan Management System",
                "MODX Evo",
                "MantisBT",
                "Mautic",
                "Maya",
                "OXID",
                "Plentymarkets",
                "Porto",
                "RadPHP",
                "SMF",
                "Starbug",
                "Thelia",
                "Whmcs",
                "WolfCMS",
                "agl",
                "aimeos",
                "annotatecms",
                "attogram",
                "bitrix",
                "cakephp",
                "chef",
                "cockpit",
                "codeigniter",
                "concrete5",
                "croogo",
                "dokuwiki",
                "drupal",
                "eZ Platform",
                "elgg",
                "expressionengine",
                "fuelphp",
                "grav",
                "installer",
                "itop",
                "joomla",
                "known",
                "kohana",
                "laravel",
                "lavalite",
                "lithium",
                "magento",
                "majima",
                "mako",
                "mediawiki",
                "miaoxing",
                "modulework",
                "modx",
                "moodle",
                "osclass",
                "phpbb",
                "piwik",
                "ppi",
                "processwire",
                "puppet",
                "pxcms",
                "reindex",
                "roundcube",
                "shopware",
                "silverstripe",
                "sydes",
                "sylius",
                "symfony",
                "tastyigniter",
                "typo3",
                "wordpress",
                "yawik",
                "zend",
                "zikula"
            ],
            "support": {
                "issues": "https://github.com/composer/installers/issues",
                "source": "https://github.com/composer/installers/tree/v1.11.0"
            },
            "funding": [
                {
                    "url": "https://packagist.com",
                    "type": "custom"
                },
                {
                    "url": "https://github.com/composer",
                    "type": "github"
                },
                {
                    "url": "https://tidelift.com/funding/github/packagist/composer/composer",
                    "type": "tidelift"
                }
            ],
            "time": "2021-04-28T06:42:17+00:00"
        },
        {
            "name": "dompdf/dompdf",
            "version": "v1.0.2",
            "source": {
                "type": "git",
                "url": "https://github.com/dompdf/dompdf.git",
                "reference": "8768448244967a46d6e67b891d30878e0e15d25c"
            },
            "dist": {
                "type": "zip",
                "url": "https://api.github.com/repos/dompdf/dompdf/zipball/8768448244967a46d6e67b891d30878e0e15d25c",
                "reference": "8768448244967a46d6e67b891d30878e0e15d25c",
                "shasum": ""
            },
            "require": {
                "ext-dom": "*",
                "ext-mbstring": "*",
                "phenx/php-font-lib": "^0.5.2",
                "phenx/php-svg-lib": "^0.3.3",
                "php": "^7.1 || ^8.0"
            },
            "require-dev": {
                "mockery/mockery": "^1.3",
                "phpunit/phpunit": "^7.5 || ^8 || ^9",
                "squizlabs/php_codesniffer": "^3.5"
            },
            "suggest": {
                "ext-gd": "Needed to process images",
                "ext-gmagick": "Improves image processing performance",
                "ext-imagick": "Improves image processing performance",
                "ext-zlib": "Needed for pdf stream compression"
            },
            "type": "library",
            "extra": {
                "branch-alias": {
                    "dev-develop": "0.7-dev"
                }
            },
            "autoload": {
                "psr-4": {
                    "Dompdf\\": "src/"
                },
                "classmap": [
                    "lib/"
                ]
            },
            "notification-url": "https://packagist.org/downloads/",
            "license": [
                "LGPL-2.1"
            ],
            "authors": [
                {
                    "name": "Fabien Ménager",
                    "email": "fabien.menager@gmail.com"
                },
                {
                    "name": "Brian Sweeney",
                    "email": "eclecticgeek@gmail.com"
                },
                {
                    "name": "Gabriel Bull",
                    "email": "me@gabrielbull.com"
                }
            ],
            "description": "DOMPDF is a CSS 2.1 compliant HTML to PDF converter",
            "homepage": "https://github.com/dompdf/dompdf",
            "support": {
                "issues": "https://github.com/dompdf/dompdf/issues",
                "source": "https://github.com/dompdf/dompdf/tree/v1.0.2"
            },
            "time": "2021-01-08T14:18:52+00:00"
        },
        {
            "name": "phenx/php-font-lib",
            "version": "0.5.2",
            "source": {
                "type": "git",
                "url": "https://github.com/PhenX/php-font-lib.git",
                "reference": "ca6ad461f032145fff5971b5985e5af9e7fa88d8"
            },
            "dist": {
                "type": "zip",
                "url": "https://api.github.com/repos/PhenX/php-font-lib/zipball/ca6ad461f032145fff5971b5985e5af9e7fa88d8",
                "reference": "ca6ad461f032145fff5971b5985e5af9e7fa88d8",
                "shasum": ""
            },
            "require-dev": {
                "phpunit/phpunit": "^4.8.35 || ^5 || ^6 || ^7"
            },
            "type": "library",
            "autoload": {
                "psr-4": {
                    "FontLib\\": "src/FontLib"
                }
            },
            "notification-url": "https://packagist.org/downloads/",
            "license": [
                "LGPL-3.0"
            ],
            "authors": [
                {
                    "name": "Fabien Ménager",
                    "email": "fabien.menager@gmail.com"
                }
            ],
            "description": "A library to read, parse, export and make subsets of different types of font files.",
            "homepage": "https://github.com/PhenX/php-font-lib",
            "support": {
                "issues": "https://github.com/PhenX/php-font-lib/issues",
                "source": "https://github.com/PhenX/php-font-lib/tree/0.5.2"
            },
            "time": "2020-03-08T15:31:32+00:00"
        },
        {
            "name": "phenx/php-svg-lib",
            "version": "v0.3.3",
            "source": {
                "type": "git",
                "url": "https://github.com/PhenX/php-svg-lib.git",
                "reference": "5fa61b65e612ce1ae15f69b3d223cb14ecc60e32"
            },
            "dist": {
                "type": "zip",
                "url": "https://api.github.com/repos/PhenX/php-svg-lib/zipball/5fa61b65e612ce1ae15f69b3d223cb14ecc60e32",
                "reference": "5fa61b65e612ce1ae15f69b3d223cb14ecc60e32",
                "shasum": ""
            },
            "require": {
                "sabberworm/php-css-parser": "^8.3"
            },
            "require-dev": {
                "phpunit/phpunit": "^5.5|^6.5"
            },
            "type": "library",
            "autoload": {
                "psr-4": {
                    "Svg\\": "src/Svg"
                }
            },
            "notification-url": "https://packagist.org/downloads/",
            "license": [
                "LGPL-3.0"
            ],
            "authors": [
                {
                    "name": "Fabien Ménager",
                    "email": "fabien.menager@gmail.com"
                }
            ],
            "description": "A library to read, parse and export to PDF SVG files.",
            "homepage": "https://github.com/PhenX/php-svg-lib",
            "support": {
                "issues": "https://github.com/PhenX/php-svg-lib/issues",
                "source": "https://github.com/PhenX/php-svg-lib/tree/master"
            },
            "time": "2019-09-11T20:02:13+00:00"
        },
        {
            "name": "sabberworm/php-css-parser",
            "version": "8.3.1",
            "source": {
                "type": "git",
                "url": "https://github.com/sabberworm/PHP-CSS-Parser.git",
                "reference": "d217848e1396ef962fb1997cf3e2421acba7f796"
            },
            "dist": {
                "type": "zip",
                "url": "https://api.github.com/repos/sabberworm/PHP-CSS-Parser/zipball/d217848e1396ef962fb1997cf3e2421acba7f796",
                "reference": "d217848e1396ef962fb1997cf3e2421acba7f796",
                "shasum": ""
            },
            "require": {
                "php": ">=5.3.2"
            },
            "require-dev": {
                "codacy/coverage": "^1.4",
                "phpunit/phpunit": "~4.8"
            },
            "type": "library",
            "autoload": {
                "psr-0": {
                    "Sabberworm\\CSS": "lib/"
                }
            },
            "notification-url": "https://packagist.org/downloads/",
            "license": [
                "MIT"
            ],
            "authors": [
                {
                    "name": "Raphael Schweikert"
                }
            ],
            "description": "Parser for CSS Files written in PHP",
            "homepage": "http://www.sabberworm.com/blog/2010/6/10/php-css-parser",
            "keywords": [
                "css",
                "parser",
                "stylesheet"
            ],
            "support": {
                "issues": "https://github.com/sabberworm/PHP-CSS-Parser/issues",
                "source": "https://github.com/sabberworm/PHP-CSS-Parser/tree/8.3.1"
            },
            "time": "2020-06-01T09:10:00+00:00"
        }
    ],
    "packages-dev": [
        {
            "name": "coldtrick/releases",
            "version": "dev-master",
            "source": {
                "type": "git",
                "url": "https://github.com/ColdTrick/releases.git",
                "reference": "c135064f9fc269e4f4d3ea9f0ef40989165c7b7c"
            },
            "dist": {
                "type": "zip",
                "url": "https://api.github.com/repos/ColdTrick/releases/zipball/c135064f9fc269e4f4d3ea9f0ef40989165c7b7c",
                "reference": "c135064f9fc269e4f4d3ea9f0ef40989165c7b7c",
                "shasum": ""
            },
            "default-branch": true,
            "type": "library",
            "notification-url": "https://packagist.org/downloads/",
            "license": [
                "GPL-2.0"
            ],
            "description": "A set of scripts needed for building releases",
            "keywords": [
                "ci",
                "release",
                "travis"
            ],
            "support": {
                "issues": "https://github.com/ColdTrick/releases/issues",
                "source": "https://github.com/ColdTrick/releases"
            },
            "funding": [
                {
                    "url": "https://www.paypal.me/ColdTrick",
                    "type": "custom"
                },
                {
                    "url": "https://github.com/ColdTrick",
                    "type": "github"
                }
            ],
            "time": "2020-07-08T11:28:12+00:00"
        },
        {
            "name": "coldtrick/sniffs",
            "version": "dev-master",
            "source": {
                "type": "git",
                "url": "https://github.com/ColdTrick/elgg-coding-standards.git",
                "reference": "694bae972522ffbec467a7a9b6a2f4299beb47e6"
            },
            "dist": {
                "type": "zip",
                "url": "https://api.github.com/repos/ColdTrick/elgg-coding-standards/zipball/694bae972522ffbec467a7a9b6a2f4299beb47e6",
                "reference": "694bae972522ffbec467a7a9b6a2f4299beb47e6",
                "shasum": ""
            },
            "require": {
                "squizlabs/php_codesniffer": ">=1.3.4"
            },
            "default-branch": true,
            "type": "library",
            "autoload": {
                "psr-0": {
                    "Elgg_Sniffs_": "src/"
                }
            },
            "notification-url": "https://packagist.org/downloads/",
            "description": "Elgg coding standards",
            "support": {
                "source": "https://github.com/ColdTrick/elgg-coding-standards/tree/master"
            },
            "funding": [
                {
                    "url": "https://www.paypal.me/ColdTrick",
                    "type": "custom"
                },
                {
                    "url": "https://github.com/ColdTrick",
                    "type": "github"
                }
            ],
            "time": "2015-02-17T14:47:25+00:00"
        },
        {
            "name": "squizlabs/php_codesniffer",
            "version": "3.6.0",
            "source": {
                "type": "git",
                "url": "https://github.com/squizlabs/PHP_CodeSniffer.git",
                "reference": "ffced0d2c8fa8e6cdc4d695a743271fab6c38625"
            },
            "dist": {
                "type": "zip",
                "url": "https://api.github.com/repos/squizlabs/PHP_CodeSniffer/zipball/ffced0d2c8fa8e6cdc4d695a743271fab6c38625",
                "reference": "ffced0d2c8fa8e6cdc4d695a743271fab6c38625",
                "shasum": ""
            },
            "require": {
                "ext-simplexml": "*",
                "ext-tokenizer": "*",
                "ext-xmlwriter": "*",
                "php": ">=5.4.0"
            },
            "require-dev": {
                "phpunit/phpunit": "^4.0 || ^5.0 || ^6.0 || ^7.0"
            },
            "bin": [
                "bin/phpcs",
                "bin/phpcbf"
            ],
            "type": "library",
            "extra": {
                "branch-alias": {
                    "dev-master": "3.x-dev"
                }
            },
            "notification-url": "https://packagist.org/downloads/",
            "license": [
                "BSD-3-Clause"
            ],
            "authors": [
                {
                    "name": "Greg Sherwood",
                    "role": "lead"
                }
            ],
            "description": "PHP_CodeSniffer tokenizes PHP, JavaScript and CSS files and detects violations of a defined set of coding standards.",
            "homepage": "https://github.com/squizlabs/PHP_CodeSniffer",
            "keywords": [
                "phpcs",
                "standards"
            ],
            "support": {
                "issues": "https://github.com/squizlabs/PHP_CodeSniffer/issues",
                "source": "https://github.com/squizlabs/PHP_CodeSniffer",
                "wiki": "https://github.com/squizlabs/PHP_CodeSniffer/wiki"
            },
            "time": "2021-04-09T00:54:41+00:00"
        }
    ],
    "aliases": [],
    "minimum-stability": "stable",
    "stability-flags": {
        "coldtrick/sniffs": 20,
        "coldtrick/releases": 20
    },
    "prefer-stable": false,
    "prefer-lowest": false,
    "platform": {
        "ext-json": "*"
    },
    "platform-dev": [],
    "plugin-api-version": "2.0.0"
}
